
Microsoft Visual Studio Solution File, Format Version 12.00
# Visual Studio Version 16
VisualStudioVersion = 16.0.28917.181
MinimumVisualStudioVersion = 10.0.40219.1
Project("{9A19103F-16F7-4668-BE54-9A1E7A4F7556}") = "P01_ListyIterator", "P01_ListyIterator\P01_ListyIterator.csproj", "{3B396E1B-CB0F-46F1-B90C-7A891C648123}"
EndProject
Project("{9A19103F-16F7-4668-BE54-9A1E7A4F7556}") = "Froggy", "Froggy\Froggy.csproj", "{16454196-EB5D-4C8A-B745-9E8ECE650384}"
EndProject
Project("{9A19103F-16F7-4668-BE54-9A1E7A4F7556}") = "Comparing_Objects", "Comparing_Objects\Comparing_Objects.csproj", "{2F71D295-4B33-4665-B880-2B6ED7251D7A}"
EndProject
Project("{9A19103F-16F7-4668-BE54-9A1E7A4F7556}") = "P03_Stack", "P03_Stack\P03_Stack.csproj", "{D0EB8A48-61D7-4C99-B3ED-1335CAA0CC21}"
EndProject
Project("{FAE04EC0-301F-11D3-BF4B-00C04F79EFBC}") = "P06_EqulityLogic", "P06_EqulityLogic\P06_EqulityLogic.csproj", "{86032CC8-96CE-4071-9DCD-250710E3E5E5}"
EndProject
Global
	GlobalSection(SolutionConfigurationPlatforms) = preSolution
		Debug|Any CPU = Debug|Any CPU
		Release|Any CPU = Release|Any CPU
	EndGlobalSection
	GlobalSection(ProjectConfigurationPlatforms) = postSolution
		{3B396E1B-CB0F-46F1-B90C-7A891C648123}.Debug|Any CPU.ActiveCfg = Debug|Any CPU
		{3B396E1B-CB0F-46F1-B90C-7A891C648123}.Debug|Any CPU.Build.0 = Debug|Any CPU
		{3B396E1B-CB0F-46F1-B90C-7A891C648123}.Release|Any CPU.ActiveCfg = Release|Any CPU
		{3B396E1B-CB0F-46F1-B90C-7A891C648123}.Release|Any CPU.Build.0 = Release|Any CPU
		{16454196-EB5D-4C8A-B745-9E8ECE650384}.Debug|Any CPU.ActiveCfg = Debug|Any CPU
		{16454196-EB5D-4C8A-B745-9E8ECE650384}.Debug|Any CPU.Build.0 = Debug|Any CPU
		{16454196-EB5D-4C8A-B745-9E8ECE650384}.Release|Any CPU.ActiveCfg = Release|Any CPU
		{16454196-EB5D-4C8A-B745-9E8ECE650384}.Release|Any CPU.Build.0 = Release|Any CPU
		{2F71D295-4B33-4665-B880-2B6ED7251D7A}.Debug|Any CPU.ActiveCfg = Debug|Any CPU
		{2F71D295-4B33-4665-B880-2B6ED7251D7A}.Debug|Any CPU.Build.0 = Debug|Any CPU
		{2F71D295-4B33-4665-B880-2B6ED7251D7A}.Release|Any CPU.ActiveCfg = Release|Any CPU
		{2F71D295-4B33-4665-B880-2B6ED7251D7A}.Release|Any CPU.Build.0 = Release|Any CPU
		{D0EB8A48-61D7-4C99-B3ED-1335CAA0CC21}.Debug|Any CPU.ActiveCfg = Debug|Any CPU
		{D0EB8A48-61D7-4C99-B3ED-1335CAA0CC21}.Debug|Any CPU.Build.0 = Debug|Any CPU
		{D0EB8A48-61D7-4C99-B3ED-1335CAA0CC21}.Release|Any CPU.ActiveCfg = Release|Any CPU
		{D0EB8A48-61D7-4C99-B3ED-1335CAA0CC21}.Release|Any CPU.Build.0 = Release|Any CPU
		{86032CC8-96CE-4071-9DCD-250710E3E5E5}.Debug|Any CPU.ActiveCfg = Debug|Any CPU
		{86032CC8-96CE-4071-9DCD-250710E3E5E5}.Debug|Any CPU.Build.0 = Debug|Any CPU
		{86032CC8-96CE-4071-9DCD-250710E3E5E5}.Release|Any CPU.ActiveCfg = Release|Any CPU
		{86032CC8-96CE-4071-9DCD-250710E3E5E5}.Release|Any CPU.Build.0 = Release|Any CPU
	EndGlobalSection
	GlobalSection(SolutionProperties) = preSolution
		HideSolutionNode = FALSE
	EndGlobalSection
	GlobalSection(ExtensibilityGlobals) = postSolution
		SolutionGuid = {B4404C17-DAD1-4036-90AC-E8441A789829}
	EndGlobalSection
EndGlobal
