
Microsoft Visual Studio Solution File, Format Version 12.00
# Visual Studio Version 16
VisualStudioVersion = 16.0.28917.181
MinimumVisualStudioVersion = 10.0.40219.1
Project("{FAE04EC0-301F-11D3-BF4B-00C04F79EFBC}") = "P03_SalesDatabase", "P03_SalesDatabase\P03_SalesDatabase.csproj", "{A5469E79-BB8D-4664-A8F4-D1F77E40F169}"
EndProject
Project("{FAE04EC0-301F-11D3-BF4B-00C04F79EFBC}") = "P01_HospitalDatabase", "P01_HospitalDatabase\P01_HospitalDatabase.csproj", "{5373060C-7A28-4DD6-98D6-4031F3E9FA32}"
EndProject
Global
	GlobalSection(SolutionConfigurationPlatforms) = preSolution
		Debug|Any CPU = Debug|Any CPU
		Release|Any CPU = Release|Any CPU
	EndGlobalSection
	GlobalSection(ProjectConfigurationPlatforms) = postSolution
		{A5469E79-BB8D-4664-A8F4-D1F77E40F169}.Debug|Any CPU.ActiveCfg = Debug|Any CPU
		{A5469E79-BB8D-4664-A8F4-D1F77E40F169}.Debug|Any CPU.Build.0 = Debug|Any CPU
		{A5469E79-BB8D-4664-A8F4-D1F77E40F169}.Release|Any CPU.ActiveCfg = Release|Any CPU
		{A5469E79-BB8D-4664-A8F4-D1F77E40F169}.Release|Any CPU.Build.0 = Release|Any CPU
		{5373060C-7A28-4DD6-98D6-4031F3E9FA32}.Debug|Any CPU.ActiveCfg = Debug|Any CPU
		{5373060C-7A28-4DD6-98D6-4031F3E9FA32}.Debug|Any CPU.Build.0 = Debug|Any CPU
		{5373060C-7A28-4DD6-98D6-4031F3E9FA32}.Release|Any CPU.ActiveCfg = Release|Any CPU
		{5373060C-7A28-4DD6-98D6-4031F3E9FA32}.Release|Any CPU.Build.0 = Release|Any CPU
	EndGlobalSection
	GlobalSection(SolutionProperties) = preSolution
		HideSolutionNode = FALSE
	EndGlobalSection
	GlobalSection(ExtensibilityGlobals) = postSolution
		SolutionGuid = {B4F38BA0-FBC3-411A-9667-C6D24518EA84}
	EndGlobalSection
EndGlobal
